Microsoft Visual Studio Solution File, Format Version 12.00
# Visual Studio Version 17
VisualStudioVersion = 17.0.31903.59
MinimumVisualStudioVersion = 10.0.40219.1
Project("{9A19103F-16F7-4668-BE54-9A1E7A4F7556}") = "AnomaliImportTool.Core", "src\AnomaliImportTool.Core\AnomaliImportTool.Core.csproj", "{00000000-0000-0000-0000-000000000001}"
EndProject
Project("{9A19103F-16F7-4668-BE54-9A1E7A4F7556}") = "AnomaliImportTool.Infrastructure", "src\AnomaliImportTool.Infrastructure\AnomaliImportTool.Infrastructure.csproj", "{00000000-0000-0000-0000-000000000002}"
EndProject
Project("{9A19103F-16F7-4668-BE54-9A1E7A4F7556}") = "AnomaliImportTool.UI", "src\AnomaliImportTool.UI\AnomaliImportTool.UI.csproj", "{00000000-0000-0000-0000-000000000003}"
EndProject
Project("{9A19103F-16F7-4668-BE54-9A1E7A4F7556}") = "AnomaliImportTool.Tests.Unit", "tests\AnomaliImportTool.Tests.Unit\AnomaliImportTool.Tests.Unit.csproj", "{00000000-0000-0000-0000-000000000004}"
EndProject
Project("{9A19103F-16F7-4668-BE54-9A1E7A4F7556}") = "AnomaliImportTool.Tests.Integration", "tests\AnomaliImportTool.Tests.Integration\AnomaliImportTool.Tests.Integration.csproj", "{00000000-0000-0000-0000-000000000005}"
EndProject
Project("{2150E333-8FDC-42A3-9474-1A3956D46DE8}") = "src", "src", "{00000000-0000-0000-0000-000000000010}"
EndProject
Project("{2150E333-8FDC-42A3-9474-1A3956D46DE8}") = "tests", "tests", "{00000000-0000-0000-0000-000000000011}"
EndProject
Project("{2150E333-8FDC-42A3-9474-1A3956D46DE8}") = "AnomaliImportTool.Uno", "AnomaliImportTool.Uno", "{4228F632-7043-4F7C-A25E-4FDE178C1441}"
EndProject
Project("{FAE04EC0-301F-11D3-BF4B-00C04F79EFBC}") = "AnomaliImportTool.Uno", "src\AnomaliImportTool.Uno\AnomaliImportTool.Uno\AnomaliImportTool.Uno.csproj", "{CFDF7BFF-198E-4927-94D5-682ACE92EB06}"
EndProject
Global
	GlobalSection(SolutionConfigurationPlatforms) = preSolution
		Debug|Any CPU = Debug|Any CPU
		Release|Any CPU = Release|Any CPU
	EndGlobalSection
	GlobalSection(ProjectConfigurationPlatforms) = postSolution
		{00000000-0000-0000-0000-000000000001}.Debug|Any CPU.ActiveCfg = Debug|Any CPU
		{00000000-0000-0000-0000-000000000001}.Debug|Any CPU.Build.0 = Debug|Any CPU
		{00000000-0000-0000-0000-000000000001}.Release|Any CPU.ActiveCfg = Release|Any CPU
		{00000000-0000-0000-0000-000000000001}.Release|Any CPU.Build.0 = Release|Any CPU
		{00000000-0000-0000-0000-000000000002}.Debug|Any CPU.ActiveCfg = Debug|Any CPU
		{00000000-0000-0000-0000-000000000002}.Debug|Any CPU.Build.0 = Debug|Any CPU
		{00000000-0000-0000-0000-000000000002}.Release|Any CPU.ActiveCfg = Release|Any CPU
		{00000000-0000-0000-0000-000000000002}.Release|Any CPU.Build.0 = Release|Any CPU
		{00000000-0000-0000-0000-000000000003}.Debug|Any CPU.ActiveCfg = Debug|Any CPU
		{00000000-0000-0000-0000-000000000003}.Debug|Any CPU.Build.0 = Debug|Any CPU
		{00000000-0000-0000-0000-000000000003}.Release|Any CPU.ActiveCfg = Release|Any CPU
		{00000000-0000-0000-0000-000000000003}.Release|Any CPU.Build.0 = Release|Any CPU
		{00000000-0000-0000-0000-000000000004}.Debug|Any CPU.ActiveCfg = Debug|Any CPU
		{00000000-0000-0000-0000-000000000004}.Debug|Any CPU.Build.0 = Debug|Any CPU
		{00000000-0000-0000-0000-000000000004}.Release|Any CPU.ActiveCfg = Release|Any CPU
		{00000000-0000-0000-0000-000000000004}.Release|Any CPU.Build.0 = Release|Any CPU
		{00000000-0000-0000-0000-000000000005}.Debug|Any CPU.ActiveCfg = Debug|Any CPU
		{00000000-0000-0000-0000-000000000005}.Debug|Any CPU.Build.0 = Debug|Any CPU
		{00000000-0000-0000-0000-000000000005}.Release|Any CPU.ActiveCfg = Release|Any CPU
		{00000000-0000-0000-0000-000000000005}.Release|Any CPU.Build.0 = Release|Any CPU
		{CFDF7BFF-198E-4927-94D5-682ACE92EB06}.Debug|Any CPU.ActiveCfg = Debug|Any CPU
		{CFDF7BFF-198E-4927-94D5-682ACE92EB06}.Debug|Any CPU.Build.0 = Debug|Any CPU
		{CFDF7BFF-198E-4927-94D5-682ACE92EB06}.Release|Any CPU.ActiveCfg = Release|Any CPU
		{CFDF7BFF-198E-4927-94D5-682ACE92EB06}.Release|Any CPU.Build.0 = Release|Any CPU
	EndGlobalSection
	GlobalSection(SolutionProperties) = preSolution
		HideSolutionNode = FALSE
	EndGlobalSection
	GlobalSection(NestedProjects) = preSolution
		{00000000-0000-0000-0000-000000000001} = {00000000-0000-0000-0000-000000000010}
		{00000000-0000-0000-0000-000000000002} = {00000000-0000-0000-0000-000000000010}
		{00000000-0000-0000-0000-000000000003} = {00000000-0000-0000-0000-000000000010}
		{00000000-0000-0000-0000-000000000004} = {00000000-0000-0000-0000-000000000011}
		{00000000-0000-0000-0000-000000000005} = {00000000-0000-0000-0000-000000000011}
		{4228F632-7043-4F7C-A25E-4FDE178C1441} = {00000000-0000-0000-0000-000000000010}
		{CFDF7BFF-198E-4927-94D5-682ACE92EB06} = {4228F632-7043-4F7C-A25E-4FDE178C1441}
	EndGlobalSection
EndGlobal
